
Microsoft Visual Studio Solution File, Format Version 12.00
# Visual Studio Version 17
VisualStudioVersion = 17.11.35327.3
MinimumVisualStudioVersion = 10.0.40219.1
Project("{9A19103F-16F7-4668-BE54-9A1E7A4F7556}") = "ExpeditionExtraConfig", "ExpeditionExtraConfig.csproj", "{D1D30999-33F2-481D-987F-A6F837B3371C}"
EndProject
Project("{9A19103F-16F7-4668-BE54-9A1E7A4F7556}") = "WatcherExpeditions", "..\rainworld-WatcherExpeditions\WatcherExpeditions.csproj", "{092A32ED-A8D9-45D5-B855-B1B7676DD127}"
EndProject
Project("{9A19103F-16F7-4668-BE54-9A1E7A4F7556}") = "ExpeditionCopyMiscProg", "..\rainworld-ExpeditionTokens\ExpeditionCopyMiscProg.csproj", "{1CF5AE75-F647-4CA0-8E92-494CB2EF60D9}"
EndProject
Global
	GlobalSection(SolutionConfigurationPlatforms) = preSolution
		Debug|Any CPU = Debug|Any CPU
		Release|Any CPU = Release|Any CPU
	EndGlobalSection
	GlobalSection(ProjectConfigurationPlatforms) = postSolution
		{D1D30999-33F2-481D-987F-A6F837B3371C}.Debug|Any CPU.ActiveCfg = Debug|Any CPU
		{D1D30999-33F2-481D-987F-A6F837B3371C}.Debug|Any CPU.Build.0 = Debug|Any CPU
		{D1D30999-33F2-481D-987F-A6F837B3371C}.Release|Any CPU.ActiveCfg = Release|Any CPU
		{D1D30999-33F2-481D-987F-A6F837B3371C}.Release|Any CPU.Build.0 = Release|Any CPU
		{092A32ED-A8D9-45D5-B855-B1B7676DD127}.Debug|Any CPU.ActiveCfg = Debug|Any CPU
		{092A32ED-A8D9-45D5-B855-B1B7676DD127}.Debug|Any CPU.Build.0 = Debug|Any CPU
		{092A32ED-A8D9-45D5-B855-B1B7676DD127}.Release|Any CPU.ActiveCfg = Release|Any CPU
		{092A32ED-A8D9-45D5-B855-B1B7676DD127}.Release|Any CPU.Build.0 = Release|Any CPU
		{1CF5AE75-F647-4CA0-8E92-494CB2EF60D9}.Debug|Any CPU.ActiveCfg = Debug|Any CPU
		{1CF5AE75-F647-4CA0-8E92-494CB2EF60D9}.Debug|Any CPU.Build.0 = Debug|Any CPU
		{1CF5AE75-F647-4CA0-8E92-494CB2EF60D9}.Release|Any CPU.ActiveCfg = Release|Any CPU
		{1CF5AE75-F647-4CA0-8E92-494CB2EF60D9}.Release|Any CPU.Build.0 = Release|Any CPU
	EndGlobalSection
	GlobalSection(SolutionProperties) = preSolution
		HideSolutionNode = FALSE
	EndGlobalSection
	GlobalSection(ExtensibilityGlobals) = postSolution
		SolutionGuid = {54165C25-F3E2-4A53-A2EA-D0AD01D37DC8}
	EndGlobalSection
EndGlobal
